<?xml version="1.0" encoding="utf-8"?>
<Project ToolsVersion="4.0" xmlns="http://schemas.microsoft.com/developer/msbuild/2003">
  <ItemGroup>
    <Filter Include="Файлы исходного кода">
      <UniqueIdentifier>{4FC737F1-C7A5-4376-A066-2A32D752A2FF}</UniqueIdentifier>
      <Extensions>cpp;c;cc;cxx;def;odl;idl;hpj;bat;asm;asmx</Extensions>
    </Filter>
    <Filter Include="Заголовочные файлы">
      <UniqueIdentifier>{93995380-89BD-4b04-88EB-625FBE52EBFB}</UniqueIdentifier>
      <Extensions>h;hpp;hxx;hm;inl;inc;xsd</Extensions>
    </Filter>
    <Filter Include="Файлы ресурсов">
      <UniqueIdentifier>{67DA6AB6-F800-4c08-8B7A-83BB121AAD01}</UniqueIdentifier>
      <Extensions>rc;ico;cur;bmp;dlg;rc2;rct;bin;rgs;gif;jpg;jpeg;jpe;resx;tiff;tif;png;wav;mfcribbon-ms</Extensions>
    </Filter>
  </ItemGroup>
  <ItemGroup>
    <ClInclude Include="addrpool.hpp">
      <Filter>Заголовочные файлы</Filter>
    </ClInclude>
    <ClInclude Include="client.hpp">
      <Filter>Заголовочные файлы</Filter>
    </ClInclude>
    <ClInclude Include="core.hpp">
      <Filter>Заголовочные файлы</Filter>
    </ClInclude>
    <ClInclude Include="d3device.hpp">
      <Filter>Заголовочные файлы</Filter>
    </ClInclude>
    <ClInclude Include="debug.hpp">
      <Filter>Заголовочные файлы</Filter>
    </ClInclude>
    <ClInclude Include="functions.hpp">
      <Filter>Заголовочные файлы</Filter>
    </ClInclude>
    <ClInclude Include="loader.hpp">
      <Filter>Заголовочные файлы</Filter>
    </ClInclude>
    <ClInclude Include="pool.hpp">
      <Filter>Заголовочные файлы</Filter>
    </ClInclude>
    <ClInclude Include="ProxyIDirect3D9.hpp">
      <Filter>Заголовочные файлы</Filter>
    </ClInclude>
    <ClInclude Include="ProxyIDirect3DDevice9.hpp">
      <Filter>Заголовочные файлы</Filter>
    </ClInclude>
    <ClInclude Include="string.hpp">
      <Filter>Заголовочные файлы</Filter>
    </ClInclude>
    <ClInclude Include="tcpsocket.hpp">
      <Filter>Заголовочные файлы</Filter>
    </ClInclude>
    <ClInclude Include="httpclient.hpp">
      <Filter>Заголовочные файлы</Filter>
    </ClInclude>
    <ClInclude Include="transfer.hpp">
      <Filter>Заголовочные файлы</Filter>
    </ClInclude>
    <ClInclude Include="hash.hpp">
      <Filter>Заголовочные файлы</Filter>
    </ClInclude>
  </ItemGroup>
  <ItemGroup>
    <ClCompile Include="client.cpp">
      <Filter>Файлы исходного кода</Filter>
    </ClCompile>
    <ClCompile Include="core.cpp">
      <Filter>Файлы исходного кода</Filter>
    </ClCompile>
    <ClCompile Include="d3device.cpp">
      <Filter>Файлы исходного кода</Filter>
    </ClCompile>
    <ClCompile Include="debug.cpp">
      <Filter>Файлы исходного кода</Filter>
    </ClCompile>
    <ClCompile Include="functions.cpp">
      <Filter>Файлы исходного кода</Filter>
    </ClCompile>
    <ClCompile Include="loader.cpp">
      <Filter>Файлы исходного кода</Filter>
    </ClCompile>
    <ClCompile Include="pool.cpp">
      <Filter>Файлы исходного кода</Filter>
    </ClCompile>
    <ClCompile Include="ProxyIDirect3D9.cpp">
      <Filter>Файлы исходного кода</Filter>
    </ClCompile>
    <ClCompile Include="ProxyIDirect3DDevice9.cpp">
      <Filter>Файлы исходного кода</Filter>
    </ClCompile>
    <ClCompile Include="string.cpp">
      <Filter>Файлы исходного кода</Filter>
    </ClCompile>
    <ClCompile Include="tcpsocket.cpp">
      <Filter>Файлы исходного кода</Filter>
    </ClCompile>
    <ClCompile Include="transfer.cpp">
      <Filter>Файлы исходного кода</Filter>
    </ClCompile>
    <ClCompile Include="hash.cpp">
      <Filter>Файлы исходного кода</Filter>
    </ClCompile>
  </ItemGroup>
  <ItemGroup>
    <ResourceCompile Include="client.rc">
      <Filter>Файлы ресурсов</Filter>
    </ResourceCompile>
  </ItemGroup>
</Project>