<?xml version="1.0" encoding="UTF-8" standalone="yes" ?>
<CodeBlocks_project_file>
	<FileVersion major="1" minor="6" />
	<Project>
		<Option title="server" />
		<Option pch_mode="2" />
		<Option compiler="gcc" />
		<Build>
			<Target title="Release Win32">
				<Option output="server" prefix_auto="1" extension_auto="1" />
				<Option type="3" />
				<Option compiler="gcc" />
				<Option createDefFile="1" />
				<Option createStaticLib="1" />
				<Compiler>
					<Add option="-DWIN32" />
					<Add option="-DNDEBUG" />
					<Add option="-D_WINDOWS" />
					<Add option="-D_USRDLL" />
					<Add option="-DSERVER_EXPORTS" />
				</Compiler>
			</Target>
		</Build>
		<Unit filename="addon.cpp">
			<Option target="Release Win32" />
			<Option target="Debug Win32" />
		</Unit>
		<Unit filename="addon.h">
			<Option target="Release Win32" />
			<Option target="Debug Win32" />
		</Unit>
		<Unit filename="hash.cpp">
			<Option target="Release Win32" />
			<Option target="Debug Win32" />
		</Unit>
		<Unit filename="hash.h">
			<Option target="Release Win32" />
			<Option target="Debug Win32" />
		</Unit>
		<Unit filename="natives.cpp">
			<Option target="Release Win32" />
			<Option target="Debug Win32" />
		</Unit>
		<Unit filename="natives.h">
			<Option target="Release Win32" />
			<Option target="Debug Win32" />
		</Unit>
		<Unit filename="pool.cpp">
			<Option target="Release Win32" />
			<Option target="Debug Win32" />
		</Unit>
		<Unit filename="pool.h">
			<Option target="Release Win32" />
			<Option target="Debug Win32" />
		</Unit>
		<Unit filename="process.cpp">
			<Option target="Release Win32" />
			<Option target="Debug Win32" />
		</Unit>
		<Unit filename="process.h">
			<Option target="Release Win32" />
			<Option target="Debug Win32" />
		</Unit>
		<Unit filename="string.cpp">
			<Option target="Release Win32" />
			<Option target="Debug Win32" />
		</Unit>
		<Unit filename="string.h">
			<Option target="Release Win32" />
			<Option target="Debug Win32" />
		</Unit>
		<Unit filename="tcpsocket.cpp">
			<Option target="Release Win32" />
			<Option target="Debug Win32" />
		</Unit>
		<Unit filename="tcpsocket.h">
			<Option target="Release Win32" />
			<Option target="Debug Win32" />
		</Unit>
		<Unit filename="transfer.cpp">
			<Option target="Release Win32" />
			<Option target="Debug Win32" />
		</Unit>
		<Unit filename="transfer.h">
			<Option target="Release Win32" />
			<Option target="Debug Win32" />
		</Unit>
		<Extensions>
			<code_completion />
			<debugger />
		</Extensions>
	</Project>
</CodeBlocks_project_file>
